
Microsoft Visual Studio Solution File, Format Version 12.00
# Visual Studio Version 17
VisualStudioVersion = 17.5.33516.290
MinimumVisualStudioVersion = 10.0.40219.1
Project("{8BC9CEB8-8B4A-11D0-8D11-00A0C91BC942}") = "KMeansClustering", "KMeansClustering\KMeansClustering.vcxproj", "{EE15BCEB-24BC-44BA-948F-97BCE3D613BC}"
EndProject
Global
	GlobalSection(SolutionConfigurationPlatforms) = preSolution
		Debug|x64 = Debug|x64
		Release|x64 = Release|x64
	EndGlobalSection
	GlobalSection(ProjectConfigurationPlatforms) = postSolution
		{EE15BCEB-24BC-44BA-948F-97BCE3D613BC}.Debug|x64.ActiveCfg = Debug|x64
		{EE15BCEB-24BC-44BA-948F-97BCE3D613BC}.Debug|x64.Build.0 = Debug|x64
		{EE15BCEB-24BC-44BA-948F-97BCE3D613BC}.Release|x64.ActiveCfg = Release|x64
		{EE15BCEB-24BC-44BA-948F-97BCE3D613BC}.Release|x64.Build.0 = Release|x64
	EndGlobalSection
	GlobalSection(SolutionProperties) = preSolution
		HideSolutionNode = FALSE
	EndGlobalSection
	GlobalSection(ExtensibilityGlobals) = postSolution
		SolutionGuid = {8BB48AE9-CF88-4EF0-8E69-2F0C3DD5003F}
	EndGlobalSection
EndGlobal
